
Microsoft Visual Studio Solution File, Format Version 12.00
# Visual Studio 2015
Project("{FAE04EC0-301F-11D3-BF4B-00C04F79EFBC}") = "ProtobufUnity.CSharp", "ProtobufUnity.CSharp.csproj", "{90CF6511-8241-E9DB-4BB8-D9382AA98DA5}"
EndProject
Global
	GlobalSection(SolutionConfigurationPlatforms) = preSolution
		Debug|Any CPU = Debug|Any CPU
		Release|Any CPU = Release|Any CPU
	EndGlobalSection
	GlobalSection(ProjectConfigurationPlatforms) = postSolution
		{90CF6511-8241-E9DB-4BB8-D9382AA98DA5}.Debug|Any CPU.ActiveCfg = Debug|Any CPU
		{90CF6511-8241-E9DB-4BB8-D9382AA98DA5}.Debug|Any CPU.Build.0 = Debug|Any CPU
		{90CF6511-8241-E9DB-4BB8-D9382AA98DA5}.Release|Any CPU.ActiveCfg = Release|Any CPU
		{90CF6511-8241-E9DB-4BB8-D9382AA98DA5}.Release|Any CPU.Build.0 = Release|Any CPU
	EndGlobalSection
	GlobalSection(SolutionProperties) = preSolution
		HideSolutionNode = FALSE
	EndGlobalSection
EndGlobal
