
Microsoft Visual Studio Solution File, Format Version 12.00
# Visual Studio 14
VisualStudioVersion = 14.0.23107.0
MinimumVisualStudioVersion = 10.0.40219.1
Project("{8BC9CEB8-8B4A-11D0-8D11-00A0C91BC942}") = "Listener", "Example\ServerListener\ServerListener.vcxproj", "{5730DE4F-BEA1-42BA-857E-7EF4D7F5A8C8}"
	ProjectSection(ProjectDependencies) = postProject
		{F7276B81-CD8E-4E0B-ABF5-BAB8FEBE0511} = {F7276B81-CD8E-4E0B-ABF5-BAB8FEBE0511}
	EndProjectSection
EndProject
Project("{8BC9CEB8-8B4A-11D0-8D11-00A0C91BC942}") = "Connector", "Example\ServerConnector\ServerConnector.vcxproj", "{448F9D05-7F45-4033-A03C-98C18DEB0329}"
	ProjectSection(ProjectDependencies) = postProject
		{F7276B81-CD8E-4E0B-ABF5-BAB8FEBE0511} = {F7276B81-CD8E-4E0B-ABF5-BAB8FEBE0511}
	EndProjectSection
EndProject
Project("{8BC9CEB8-8B4A-11D0-8D11-00A0C91BC942}") = "TankServer", "Example\TankServer\TankServer.vcxproj", "{C4393F8C-89E4-47E9-853E-B211C0086898}"
	ProjectSection(ProjectDependencies) = postProject
		{F7276B81-CD8E-4E0B-ABF5-BAB8FEBE0511} = {F7276B81-CD8E-4E0B-ABF5-BAB8FEBE0511}
	EndProjectSection
EndProject
Project("{8BC9CEB8-8B4A-11D0-8D11-00A0C91BC942}") = "ProtoBufServer", "Example\ProtoBufServer\ProtoBufServer.vcxproj", "{27C35E90-0AFF-4289-AA53-ED8E5758230D}"
	ProjectSection(ProjectDependencies) = postProject
		{F7276B81-CD8E-4E0B-ABF5-BAB8FEBE0511} = {F7276B81-CD8E-4E0B-ABF5-BAB8FEBE0511}
		{D3434D93-3187-430C-885F-FD6F9613366A} = {D3434D93-3187-430C-885F-FD6F9613366A}
	EndProjectSection
EndProject
Project("{8BC9CEB8-8B4A-11D0-8D11-00A0C91BC942}") = "EngineLayer", "EngineLayer\EngineLayer.vcxproj", "{F7276B81-CD8E-4E0B-ABF5-BAB8FEBE0511}"
EndProject
Project("{8BC9CEB8-8B4A-11D0-8D11-00A0C91BC942}") = "CGSFNet", "CGSFNet\CGSFNet.vcxproj", "{D3434D93-3187-430C-885F-FD6F9613366A}"
EndProject
Project("{8BC9CEB8-8B4A-11D0-8D11-00A0C91BC942}") = "EchoServer", "Example\EchoServer\EchoServer.vcxproj", "{DD9698A1-F393-47EF-B4E7-41DB22BA2DD6}"
	ProjectSection(ProjectDependencies) = postProject
		{F7276B81-CD8E-4E0B-ABF5-BAB8FEBE0511} = {F7276B81-CD8E-4E0B-ABF5-BAB8FEBE0511}
	EndProjectSection
EndProject
Global
	GlobalSection(SolutionConfigurationPlatforms) = preSolution
		Debug|Mixed Platforms = Debug|Mixed Platforms
		Debug|Win32 = Debug|Win32
		Debug|x64 = Debug|x64
		Release|Mixed Platforms = Release|Mixed Platforms
		Release|Win32 = Release|Win32
		Release|x64 = Release|x64
	EndGlobalSection
	GlobalSection(ProjectConfigurationPlatforms) = postSolution
		{5730DE4F-BEA1-42BA-857E-7EF4D7F5A8C8}.Debug|Mixed Platforms.ActiveCfg = Debug|Win32
		{5730DE4F-BEA1-42BA-857E-7EF4D7F5A8C8}.Debug|Mixed Platforms.Build.0 = Debug|Win32
		{5730DE4F-BEA1-42BA-857E-7EF4D7F5A8C8}.Debug|Win32.ActiveCfg = Debug|Win32
		{5730DE4F-BEA1-42BA-857E-7EF4D7F5A8C8}.Debug|Win32.Build.0 = Debug|Win32
		{5730DE4F-BEA1-42BA-857E-7EF4D7F5A8C8}.Debug|x64.ActiveCfg = Debug|x64
		{5730DE4F-BEA1-42BA-857E-7EF4D7F5A8C8}.Debug|x64.Build.0 = Debug|x64
		{5730DE4F-BEA1-42BA-857E-7EF4D7F5A8C8}.Release|Mixed Platforms.ActiveCfg = Release|Win32
		{5730DE4F-BEA1-42BA-857E-7EF4D7F5A8C8}.Release|Mixed Platforms.Build.0 = Release|Win32
		{5730DE4F-BEA1-42BA-857E-7EF4D7F5A8C8}.Release|Win32.ActiveCfg = Release|Win32
		{5730DE4F-BEA1-42BA-857E-7EF4D7F5A8C8}.Release|Win32.Build.0 = Release|Win32
		{5730DE4F-BEA1-42BA-857E-7EF4D7F5A8C8}.Release|x64.ActiveCfg = Release|x64
		{5730DE4F-BEA1-42BA-857E-7EF4D7F5A8C8}.Release|x64.Build.0 = Release|x64
		{448F9D05-7F45-4033-A03C-98C18DEB0329}.Debug|Mixed Platforms.ActiveCfg = Debug|Win32
		{448F9D05-7F45-4033-A03C-98C18DEB0329}.Debug|Mixed Platforms.Build.0 = Debug|Win32
		{448F9D05-7F45-4033-A03C-98C18DEB0329}.Debug|Win32.ActiveCfg = Debug|Win32
		{448F9D05-7F45-4033-A03C-98C18DEB0329}.Debug|Win32.Build.0 = Debug|Win32
		{448F9D05-7F45-4033-A03C-98C18DEB0329}.Debug|x64.ActiveCfg = Debug|x64
		{448F9D05-7F45-4033-A03C-98C18DEB0329}.Debug|x64.Build.0 = Debug|x64
		{448F9D05-7F45-4033-A03C-98C18DEB0329}.Release|Mixed Platforms.ActiveCfg = Release|Win32
		{448F9D05-7F45-4033-A03C-98C18DEB0329}.Release|Mixed Platforms.Build.0 = Release|Win32
		{448F9D05-7F45-4033-A03C-98C18DEB0329}.Release|Win32.ActiveCfg = Release|Win32
		{448F9D05-7F45-4033-A03C-98C18DEB0329}.Release|Win32.Build.0 = Release|Win32
		{448F9D05-7F45-4033-A03C-98C18DEB0329}.Release|x64.ActiveCfg = Release|x64
		{448F9D05-7F45-4033-A03C-98C18DEB0329}.Release|x64.Build.0 = Release|x64
		{C4393F8C-89E4-47E9-853E-B211C0086898}.Debug|Mixed Platforms.ActiveCfg = Debug|Win32
		{C4393F8C-89E4-47E9-853E-B211C0086898}.Debug|Mixed Platforms.Build.0 = Debug|Win32
		{C4393F8C-89E4-47E9-853E-B211C0086898}.Debug|Win32.ActiveCfg = Debug|Win32
		{C4393F8C-89E4-47E9-853E-B211C0086898}.Debug|Win32.Build.0 = Debug|Win32
		{C4393F8C-89E4-47E9-853E-B211C0086898}.Debug|x64.ActiveCfg = Debug|x64
		{C4393F8C-89E4-47E9-853E-B211C0086898}.Debug|x64.Build.0 = Debug|x64
		{C4393F8C-89E4-47E9-853E-B211C0086898}.Release|Mixed Platforms.ActiveCfg = Release|Win32
		{C4393F8C-89E4-47E9-853E-B211C0086898}.Release|Mixed Platforms.Build.0 = Release|Win32
		{C4393F8C-89E4-47E9-853E-B211C0086898}.Release|Win32.ActiveCfg = Release|Win32
		{C4393F8C-89E4-47E9-853E-B211C0086898}.Release|Win32.Build.0 = Release|Win32
		{C4393F8C-89E4-47E9-853E-B211C0086898}.Release|x64.ActiveCfg = Release|x64
		{27C35E90-0AFF-4289-AA53-ED8E5758230D}.Debug|Mixed Platforms.ActiveCfg = Debug|Win32
		{27C35E90-0AFF-4289-AA53-ED8E5758230D}.Debug|Mixed Platforms.Build.0 = Debug|Win32
		{27C35E90-0AFF-4289-AA53-ED8E5758230D}.Debug|Win32.ActiveCfg = Debug|Win32
		{27C35E90-0AFF-4289-AA53-ED8E5758230D}.Debug|Win32.Build.0 = Debug|Win32
		{27C35E90-0AFF-4289-AA53-ED8E5758230D}.Debug|x64.ActiveCfg = Debug|x64
		{27C35E90-0AFF-4289-AA53-ED8E5758230D}.Debug|x64.Build.0 = Debug|x64
		{27C35E90-0AFF-4289-AA53-ED8E5758230D}.Release|Mixed Platforms.ActiveCfg = Release|Win32
		{27C35E90-0AFF-4289-AA53-ED8E5758230D}.Release|Mixed Platforms.Build.0 = Release|Win32
		{27C35E90-0AFF-4289-AA53-ED8E5758230D}.Release|Win32.ActiveCfg = Release|Win32
		{27C35E90-0AFF-4289-AA53-ED8E5758230D}.Release|Win32.Build.0 = Release|Win32
		{27C35E90-0AFF-4289-AA53-ED8E5758230D}.Release|x64.ActiveCfg = Release|x64
		{27C35E90-0AFF-4289-AA53-ED8E5758230D}.Release|x64.Build.0 = Release|x64
		{F7276B81-CD8E-4E0B-ABF5-BAB8FEBE0511}.Debug|Mixed Platforms.ActiveCfg = Debug|Win32
		{F7276B81-CD8E-4E0B-ABF5-BAB8FEBE0511}.Debug|Mixed Platforms.Build.0 = Debug|Win32
		{F7276B81-CD8E-4E0B-ABF5-BAB8FEBE0511}.Debug|Win32.ActiveCfg = Debug|Win32
		{F7276B81-CD8E-4E0B-ABF5-BAB8FEBE0511}.Debug|Win32.Build.0 = Debug|Win32
		{F7276B81-CD8E-4E0B-ABF5-BAB8FEBE0511}.Debug|x64.ActiveCfg = Debug|x64
		{F7276B81-CD8E-4E0B-ABF5-BAB8FEBE0511}.Debug|x64.Build.0 = Debug|x64
		{F7276B81-CD8E-4E0B-ABF5-BAB8FEBE0511}.Release|Mixed Platforms.ActiveCfg = Release|Win32
		{F7276B81-CD8E-4E0B-ABF5-BAB8FEBE0511}.Release|Mixed Platforms.Build.0 = Release|Win32
		{F7276B81-CD8E-4E0B-ABF5-BAB8FEBE0511}.Release|Win32.ActiveCfg = Release|Win32
		{F7276B81-CD8E-4E0B-ABF5-BAB8FEBE0511}.Release|Win32.Build.0 = Release|Win32
		{F7276B81-CD8E-4E0B-ABF5-BAB8FEBE0511}.Release|x64.ActiveCfg = Release|x64
		{F7276B81-CD8E-4E0B-ABF5-BAB8FEBE0511}.Release|x64.Build.0 = Release|x64
		{D3434D93-3187-430C-885F-FD6F9613366A}.Debug|Mixed Platforms.ActiveCfg = Debug|Win32
		{D3434D93-3187-430C-885F-FD6F9613366A}.Debug|Mixed Platforms.Build.0 = Debug|Win32
		{D3434D93-3187-430C-885F-FD6F9613366A}.Debug|Win32.ActiveCfg = Debug|Win32
		{D3434D93-3187-430C-885F-FD6F9613366A}.Debug|Win32.Build.0 = Debug|Win32
		{D3434D93-3187-430C-885F-FD6F9613366A}.Debug|x64.ActiveCfg = Debug|x64
		{D3434D93-3187-430C-885F-FD6F9613366A}.Debug|x64.Build.0 = Debug|x64
		{D3434D93-3187-430C-885F-FD6F9613366A}.Release|Mixed Platforms.ActiveCfg = Release|Win32
		{D3434D93-3187-430C-885F-FD6F9613366A}.Release|Mixed Platforms.Build.0 = Release|Win32
		{D3434D93-3187-430C-885F-FD6F9613366A}.Release|Win32.ActiveCfg = Release|Win32
		{D3434D93-3187-430C-885F-FD6F9613366A}.Release|Win32.Build.0 = Release|Win32
		{D3434D93-3187-430C-885F-FD6F9613366A}.Release|x64.ActiveCfg = Release|x64
		{D3434D93-3187-430C-885F-FD6F9613366A}.Release|x64.Build.0 = Release|x64
		{DD9698A1-F393-47EF-B4E7-41DB22BA2DD6}.Debug|Mixed Platforms.ActiveCfg = Debug|Win32
		{DD9698A1-F393-47EF-B4E7-41DB22BA2DD6}.Debug|Mixed Platforms.Build.0 = Debug|Win32
		{DD9698A1-F393-47EF-B4E7-41DB22BA2DD6}.Debug|Win32.ActiveCfg = Debug|Win32
		{DD9698A1-F393-47EF-B4E7-41DB22BA2DD6}.Debug|Win32.Build.0 = Debug|Win32
		{DD9698A1-F393-47EF-B4E7-41DB22BA2DD6}.Debug|x64.ActiveCfg = Debug|x64
		{DD9698A1-F393-47EF-B4E7-41DB22BA2DD6}.Debug|x64.Build.0 = Debug|x64
		{DD9698A1-F393-47EF-B4E7-41DB22BA2DD6}.Release|Mixed Platforms.ActiveCfg = Release|Win32
		{DD9698A1-F393-47EF-B4E7-41DB22BA2DD6}.Release|Mixed Platforms.Build.0 = Release|Win32
		{DD9698A1-F393-47EF-B4E7-41DB22BA2DD6}.Release|Win32.ActiveCfg = Release|Win32
		{DD9698A1-F393-47EF-B4E7-41DB22BA2DD6}.Release|Win32.Build.0 = Release|Win32
		{DD9698A1-F393-47EF-B4E7-41DB22BA2DD6}.Release|x64.ActiveCfg = Release|x64
		{DD9698A1-F393-47EF-B4E7-41DB22BA2DD6}.Release|x64.Build.0 = Release|x64
	EndGlobalSection
	GlobalSection(SolutionProperties) = preSolution
		HideSolutionNode = FALSE
	EndGlobalSection
EndGlobal
