<?xml version="1.0" encoding="utf-8"?>
<Project ToolsVersion="4.0" xmlns="http://schemas.microsoft.com/developer/msbuild/2003">
  <ItemGroup>
    <ClCompile Include="DataBuffer.cpp" />
    <ClCompile Include="ILogicEntry.cpp" />
    <ClCompile Include="LogicEntry.cpp" />
    <ClCompile Include="SFBasePacketProtocol.cpp" />
    <ClCompile Include="SFCGSFPacketProtocol.cpp" />
    <ClCompile Include="SFClassicDispatcher.cpp" />
    <ClCompile Include="SFConfigure.cpp" />
    <ClCompile Include="SFEngine.cpp" />
    <ClCompile Include="SFIOBuffer.cpp" />
    <ClCompile Include="SFJsonPacket.cpp" />
    <ClCompile Include="SFJsonProtocol.cpp" />
    <ClCompile Include="SFLogicGateway.cpp" />
    <ClCompile Include="SFMultiLogicDispatcher.cpp" />
    <ClCompile Include="SFObject.cpp" />
    <ClCompile Include="SFObserver.cpp" />
    <ClCompile Include="SFPacket.cpp" />
    <ClCompile Include="SFPacketIOBuffer.cpp" />
    <ClCompile Include="SFPacketPool.cpp" />
    <ClCompile Include="SFPacketProtocol.cpp" />
    <ClCompile Include="SFPacketProtocolManager.cpp" />
    <ClCompile Include="SFProtobuf2ExtensionProtocol.cpp" />
    <ClCompile Include="SFProtobufExtensionProtocol.cpp" />
    <ClCompile Include="SFProtobufPacket.cpp" />
    <ClCompile Include="SFProtobufPacketImpl.cpp" />
    <ClCompile Include="SFProtobufProtocol.cpp" />
    <ClCompile Include="SFProtocol.cpp" />
    <ClCompile Include="SFServerConnectionManager.cpp" />
    <ClCompile Include="SFSessionService.cpp" />
    <ClCompile Include="SFSingleLogicDispatcher.cpp" />
    <ClCompile Include="SFSubject.cpp" />
    <ClCompile Include="JsonBuilder.cpp" />
    <ClCompile Include="JsonNode.cpp" />
  </ItemGroup>
  <ItemGroup>
    <ClInclude Include="CommonHeader.h" />
    <ClInclude Include="DataBuffer.h" />
    <ClInclude Include="EngineLayerHeader.h" />
    <ClInclude Include="GPGLockFree.h" />
    <ClInclude Include="ILogicDispatcher.h" />
    <ClInclude Include="ILogicEntry.h" />
    <ClInclude Include="INetworkFramework.h" />
    <ClInclude Include="LogicEntry.h" />
    <ClInclude Include="SFACEAllocator.h" />
    <ClInclude Include="SFBasePacketProtocol.h" />
    <ClInclude Include="SFCGSFPacketProtocol.h" />
    <ClInclude Include="SFClassicDispatcher.h" />
    <ClInclude Include="SFConfigure.h" />
    <ClInclude Include="SFConstant.h" />
    <ClInclude Include="SFEngine.h" />
    <ClInclude Include="SFFactory.h" />
    <ClInclude Include="SFIOBuffer.h" />
    <ClInclude Include="SFJsonPacket.h" />
    <ClInclude Include="SFJsonProtocol.h" />
    <ClInclude Include="SFLogicDispatcher.h" />
    <ClInclude Include="SFLogicGateway.h" />
    <ClInclude Include="SFMacro.h" />
    <ClInclude Include="SFMultiLogicDispatcher.h" />
    <ClInclude Include="SFObject.h" />
    <ClInclude Include="SFObserver.h" />
    <ClInclude Include="SFPacket.h" />
    <ClInclude Include="SFPacketIOBuffer.h" />
    <ClInclude Include="SFPacketPool.h" />
    <ClInclude Include="SFPacketProtocol.h" />
    <ClInclude Include="SFPacketProtocolManager.h" />
    <ClInclude Include="SFProducer.h" />
    <ClInclude Include="SFProtobuf2ExtensionProtocol.h" />
    <ClInclude Include="SFProtobufExtensionProtocol.h" />
    <ClInclude Include="SFProtobufPacket.h" />
    <ClInclude Include="SFProtobufPacketImpl.h" />
    <ClInclude Include="SFProtobufProtocol.h" />
    <ClInclude Include="SFProtocol.h" />
    <ClInclude Include="SFServerConnectionManager.h" />
    <ClInclude Include="SFSessionService.h" />
    <ClInclude Include="SFSingleLogicDispatcher.h" />
    <ClInclude Include="SFStructure.h" />
    <ClInclude Include="SFSubject.h" />
    <ClInclude Include="elements.h" />
    <ClInclude Include="JsonBuilder.h" />
    <ClInclude Include="JsonNode.h" />
    <ClInclude Include="reader.h" />
    <ClInclude Include="visitor.h" />
    <ClInclude Include="writer.h" />
    <ClInclude Include="DataTypeConvertor.h" />
  </ItemGroup>
  <ItemGroup>
    <Text Include="ReadMe.txt" />
  </ItemGroup>
  <ItemGroup>
    <None Include="elements.inl" />
    <None Include="reader.inl" />
    <None Include="writer.inl" />
  </ItemGroup>
</Project>