<?xml version="1.0" encoding="utf-8"?>
<Project ToolsVersion="4.0" xmlns="http://schemas.microsoft.com/developer/msbuild/2003">
  <ItemGroup>
    <Filter Include="json">
      <UniqueIdentifier>{f7ec9860-5053-435f-b8af-857fd9b710fc}</UniqueIdentifier>
    </Filter>
    <Filter Include="File">
      <UniqueIdentifier>{9620745b-ec4d-4a9f-980a-c44e3e618a56}</UniqueIdentifier>
    </Filter>
  </ItemGroup>
  <ItemGroup>
    <ClCompile Include="json\JsonBuilder.cpp">
      <Filter>json</Filter>
    </ClCompile>
    <ClCompile Include="json\JsonNode.cpp">
      <Filter>json</Filter>
    </ClCompile>
    <ClCompile Include=".\SFIni.cpp">
      <Filter>File</Filter>
    </ClCompile>
    <ClCompile Include="SFEncryptionXOR.cpp">
      <Filter>File</Filter>
    </ClCompile>
    <ClCompile Include=".\SFBitArray.cpp">
      <Filter>File</Filter>
    </ClCompile>
    <ClCompile Include="SFFastCRC.cpp">
      <Filter>File</Filter>
    </ClCompile>
    <ClCompile Include="SFCompressZLib.cpp">
      <Filter>File</Filter>
    </ClCompile>
    <ClCompile Include="Markup.cpp">
      <Filter>File</Filter>
    </ClCompile>
    <ClCompile Include="GeneralPool.cpp">
      <Filter>File</Filter>
    </ClCompile>
    <ClCompile Include=".\SFRegexChecker.cpp">
      <Filter>File</Filter>
    </ClCompile>
    <ClCompile Include="SFFString.cpp">
      <Filter>File</Filter>
    </ClCompile>
    <ClCompile Include="SFList.cpp">
      <Filter>File</Filter>
    </ClCompile>
    <ClCompile Include="tinythread.cpp">
      <Filter>File</Filter>
    </ClCompile>
    <ClCompile Include="BitSet.cpp">
      <Filter>File</Filter>
    </ClCompile>
    <ClCompile Include="crc.cpp" />
  </ItemGroup>
  <ItemGroup>
    <ClInclude Include="json\writer.h">
      <Filter>json</Filter>
    </ClInclude>
    <ClInclude Include="json\visitor.h">
      <Filter>json</Filter>
    </ClInclude>
    <ClInclude Include="json\elements.h">
      <Filter>json</Filter>
    </ClInclude>
    <ClInclude Include="json\JsonBuilder.h">
      <Filter>json</Filter>
    </ClInclude>
    <ClInclude Include="json\JsonNode.h">
      <Filter>json</Filter>
    </ClInclude>
    <ClInclude Include="json\reader.h">
      <Filter>json</Filter>
    </ClInclude>
    <ClInclude Include="json\DataTypeConvertor.h">
      <Filter>json</Filter>
    </ClInclude>
    <ClInclude Include=".\SFIni.h">
      <Filter>File</Filter>
    </ClInclude>
    <ClInclude Include="SFEncryption.h">
      <Filter>File</Filter>
    </ClInclude>
    <ClInclude Include="SFEncryptionXOR.h">
      <Filter>File</Filter>
    </ClInclude>
    <ClInclude Include=".\SFBitArray.h">
      <Filter>File</Filter>
    </ClInclude>
    <ClInclude Include="SFFastCRC.h">
      <Filter>File</Filter>
    </ClInclude>
    <ClInclude Include="SFCompressor.h">
      <Filter>File</Filter>
    </ClInclude>
    <ClInclude Include="SFCompressZLib.h">
      <Filter>File</Filter>
    </ClInclude>
    <ClInclude Include="Macro.h">
      <Filter>File</Filter>
    </ClInclude>
    <ClInclude Include="VMemPool\VMemPool.h">
      <Filter>File</Filter>
    </ClInclude>
    <ClInclude Include="GeneralPool.h">
      <Filter>File</Filter>
    </ClInclude>
    <ClInclude Include=".\SFRegexChecker.h">
      <Filter>File</Filter>
    </ClInclude>
    <ClInclude Include="SFFString.h">
      <Filter>File</Filter>
    </ClInclude>
    <ClInclude Include="SFString.h">
      <Filter>File</Filter>
    </ClInclude>
    <ClInclude Include="CGSFDefine.h">
      <Filter>File</Filter>
    </ClInclude>
    <ClInclude Include="BaseCommonHeader.h">
      <Filter>File</Filter>
    </ClInclude>
    <ClInclude Include="GPGLockFreeQueue.h">
      <Filter>File</Filter>
    </ClInclude>
    <ClInclude Include="SFIOCPQueue.h">
      <Filter>File</Filter>
    </ClInclude>
    <ClInclude Include="SFList.h">
      <Filter>File</Filter>
    </ClInclude>
    <ClInclude Include="SFLock.h">
      <Filter>File</Filter>
    </ClInclude>
    <ClInclude Include="SFLockDeque.h">
      <Filter>File</Filter>
    </ClInclude>
    <ClInclude Include="SFLockQueue.h">
      <Filter>File</Filter>
    </ClInclude>
    <ClInclude Include="SFObjectPool.h">
      <Filter>File</Filter>
    </ClInclude>
    <ClInclude Include="SFQueue.h">
      <Filter>File</Filter>
    </ClInclude>
    <ClInclude Include="SFTree.h">
      <Filter>File</Filter>
    </ClInclude>
    <ClInclude Include="SFTSSyncQueue.h">
      <Filter>File</Filter>
    </ClInclude>
    <ClInclude Include="tinythread.h">
      <Filter>File</Filter>
    </ClInclude>
    <ClInclude Include="BitSet.h">
      <Filter>File</Filter>
    </ClInclude>
    <ClInclude Include="crc.h" />
  </ItemGroup>
  <ItemGroup>
    <Text Include=".\ReadMe.txt" />
  </ItemGroup>
  <ItemGroup>
    <None Include="json\writer.inl">
      <Filter>json</Filter>
    </None>
    <None Include="json\elements.inl">
      <Filter>json</Filter>
    </None>
    <None Include="json\reader.inl">
      <Filter>json</Filter>
    </None>
  </ItemGroup>
</Project>