<?xml version="1.0" encoding="utf-8"?>
<Project ToolsVersion="4.0" xmlns="http://schemas.microsoft.com/developer/msbuild/2003">
  <ItemGroup>
    <ClCompile Include="crc.cpp" />
    <ClCompile Include="BitSet.cpp" />
    <ClCompile Include="Markup.cpp" />
    <ClCompile Include=".\SFBitArray.cpp" />
    <ClCompile Include="SFCompressZLib.cpp" />
    <ClCompile Include="SFEncryptionXOR.cpp" />
    <ClCompile Include="SFFastCRC.cpp" />
    <ClCompile Include="SFFString.cpp" />
    <ClCompile Include="SFList.cpp" />
    <ClCompile Include=".\SFRegexChecker.cpp" />
    <ClCompile Include="tinythread.cpp" />
  </ItemGroup>
  <ItemGroup>
    <ClInclude Include="crc.h" />
    <ClInclude Include="BaseCommonHeader.h" />
    <ClInclude Include="BitSet.h" />
    <ClInclude Include="CGSFDefine.h" />
    <ClInclude Include="GPGLockFreeQueue.h" />
    <ClInclude Include="Macro.h" />
    <ClInclude Include=".\SFBitArray.h" />
    <ClInclude Include="SFCompressor.h" />
    <ClInclude Include="SFCompressZLib.h" />
    <ClInclude Include="SFEncryption.h" />
    <ClInclude Include="SFEncryptionXOR.h" />
    <ClInclude Include="SFFastCRC.h" />
    <ClInclude Include="SFFString.h" />
    <ClInclude Include="SFIOCPQueue.h" />
    <ClInclude Include="SFList.h" />
    <ClInclude Include="SFLock.h" />
    <ClInclude Include="SFLockDeque.h" />
    <ClInclude Include="SFLockQueue.h" />
    <ClInclude Include="SFObjectPool.h" />
    <ClInclude Include="SFQueue.h" />
    <ClInclude Include=".\SFRegexChecker.h" />
    <ClInclude Include="SFString.h" />
    <ClInclude Include="SFTree.h" />
    <ClInclude Include="SFTSSyncQueue.h" />
    <ClInclude Include="tinythread.h" />
    <ClInclude Include="VMemPool\VMemPool.h" />
  </ItemGroup>
  <ItemGroup>
    <Text Include=".\ReadMe.txt" />
  </ItemGroup>
</Project>